
Microsoft Visual Studio Solution File, Format Version 12.00
# Visual Studio Version 16
VisualStudioVersion = 16.0.31129.286
MinimumVisualStudioVersion = 10.0.40219.1
Project("{FAE04EC0-301F-11D3-BF4B-00C04F79EFBC}") = "Hafıza Geliştirici", "Hafıza Geliştirici\Hafıza Geliştirici.csproj", "{DAD01FAE-CA5F-41E1-9463-589FEEB29595}"
EndProject
Global
	GlobalSection(SolutionConfigurationPlatforms) = preSolution
		Debug|Any CPU = Debug|Any CPU
		Release|Any CPU = Release|Any CPU
	EndGlobalSection
	GlobalSection(ProjectConfigurationPlatforms) = postSolution
		{DAD01FAE-CA5F-41E1-9463-589FEEB29595}.Debug|Any CPU.ActiveCfg = Debug|Any CPU
		{DAD01FAE-CA5F-41E1-9463-589FEEB29595}.Debug|Any CPU.Build.0 = Debug|Any CPU
		{DAD01FAE-CA5F-41E1-9463-589FEEB29595}.Release|Any CPU.ActiveCfg = Release|Any CPU
		{DAD01FAE-CA5F-41E1-9463-589FEEB29595}.Release|Any CPU.Build.0 = Release|Any CPU
	EndGlobalSection
	GlobalSection(SolutionProperties) = preSolution
		HideSolutionNode = FALSE
	EndGlobalSection
	GlobalSection(ExtensibilityGlobals) = postSolution
		SolutionGuid = {B0167677-E122-4727-A46A-7174BF83EA7B}
	EndGlobalSection
EndGlobal
